// !$*UTF8*$!
{
	archiveVersion = 1;
	classes = {
	};
	objectVersion = 56;
	objects = {

/* Begin PBXBuildFile section */
		0CC7FEDA2AE2155100E80C5F /* AppDelegate.swift in Sources */ = {isa = PBXBuildFile; fileRef = 0CC7FED92AE2155100E80C5F /* AppDelegate.swift */; };
		0CC7FEDC2AE2155100E80C5F /* SceneDelegate.swift in Sources */ = {isa = PBXBuildFile; fileRef = 0CC7FEDB2AE2155100E80C5F /* SceneDelegate.swift */; };
		0CC7FEDE2AE2155100E80C5F /* ViewController.swift in Sources */ = {isa = PBXBuildFile; fileRef = 0CC7FEDD2AE2155100E80C5F /* ViewController.swift */; };
		0CC7FEE12AE2155100E80C5F /* Main.storyboard in Resources */ = {isa = PBXBuildFile; fileRef = 0CC7FEDF2AE2155100E80C5F /* Main.storyboard */; };
		0CC7FEE32AE2155200E80C5F /* Assets.xcassets in Resources */ = {isa = PBXBuildFile; fileRef = 0CC7FEE22AE2155200E80C5F /* Assets.xcassets */; };
		0CC7FEE62AE2155200E80C5F /* LaunchScreen.storyboard in Resources */ = {isa = PBXBuildFile; fileRef = 0CC7FEE42AE2155200E80C5F /* LaunchScreen.storyboard */; };
		A3F895F52C5A4FFF00A82F5F /* BVPlayer in Frameworks */ = {isa = PBXBuildFile; productRef = A3F895F42C5A4FFF00A82F5F /* BVPlayer */; };
		A3F895F82C5A500600A82F5F /* BVUIControls in Frameworks */ = {isa = PBXBuildFile; productRef = A3F895F72C5A500600A82F5F /* BVUIControls */; };
		A3FAC0882C57B55400C1DA0B /* BVPlayer in Frameworks */ = {isa = PBXBuildFile; productRef = A3FAC0872C57B55400C1DA0B /* BVPlayer */; };
		A3FAC08B2C57B56300C1DA0B /* BVUIControls in Frameworks */ = {isa = PBXBuildFile; productRef = A3FAC08A2C57B56300C1DA0B /* BVUIControls */; };
/* End PBXBuildFile section */

/* Begin PBXCopyFilesBuildPhase section */
		0CC7FEF42AE2176D00E80C5F /* Embed Frameworks */ = {
			isa = PBXCopyFilesBuildPhase;
			buildActionMask = 2147483647;
			dstPath = "";
			dstSubfolderSpec = 10;
			files = (
			);
			name = "Embed Frameworks";
			runOnlyForDeploymentPostprocessing = 0;
		};
/* End PBXCopyFilesBuildPhase section */

/* Begin PBXFileReference section */
		0C351E5E2AE277FC005C99BD /* README.md */ = {isa = PBXFileReference; lastKnownFileType = net.daringfireball.markdown; path = README.md; sourceTree = "<group>"; };
		0CC7FED62AE2155100E80C5F /* BasicDRMPlayback.app */ = {isa = PBXFileReference; explicitFileType = wrapper.application; includeInIndex = 0; path = BasicDRMPlayback.app; sourceTree = BUILT_PRODUCTS_DIR; };
		0CC7FED92AE2155100E80C5F /* AppDelegate.swift */ = {isa = PBXFileReference; lastKnownFileType = sourcecode.swift; path = AppDelegate.swift; sourceTree = "<group>"; };
		0CC7FEDB2AE2155100E80C5F /* SceneDelegate.swift */ = {isa = PBXFileReference; lastKnownFileType = sourcecode.swift; path = SceneDelegate.swift; sourceTree = "<group>"; };
		0CC7FEDD2AE2155100E80C5F /* ViewController.swift */ = {isa = PBXFileReference; lastKnownFileType = sourcecode.swift; path = ViewController.swift; sourceTree = "<group>"; };
		0CC7FEE02AE2155100E80C5F /* Base */ = {isa = PBXFileReference; lastKnownFileType = file.storyboard; name = Base; path = Base.lproj/Main.storyboard; sourceTree = "<group>"; };
		0CC7FEE22AE2155200E80C5F /* Assets.xcassets */ = {isa = PBXFileReference; lastKnownFileType = folder.assetcatalog; path = Assets.xcassets; sourceTree = "<group>"; };
		0CC7FEE52AE2155200E80C5F /* Base */ = {isa = PBXFileReference; lastKnownFileType = file.storyboard; name = Base; path = Base.lproj/LaunchScreen.storyboard; sourceTree = "<group>"; };
		0CC7FEE72AE2155200E80C5F /* Info.plist */ = {isa = PBXFileReference; lastKnownFileType = text.plist.xml; path = Info.plist; sourceTree = "<group>"; };
/* End PBXFileReference section */

/* Begin PBXFrameworksBuildPhase section */
		0CC7FED32AE2155100E80C5F /* Frameworks */ = {
			isa = PBXFrameworksBuildPhase;
			buildActionMask = 2147483647;
			files = (
				A3FAC08B2C57B56300C1DA0B /* BVUIControls in Frameworks */,
				A3F895F52C5A4FFF00A82F5F /* BVPlayer in Frameworks */,
				A3F895F82C5A500600A82F5F /* BVUIControls in Frameworks */,
				A3FAC0882C57B55400C1DA0B /* BVPlayer in Frameworks */,
			);
			runOnlyForDeploymentPostprocessing = 0;
		};
/* End PBXFrameworksBuildPhase section */

/* Begin PBXGroup section */
		0CC7FECD2AE2155100E80C5F = {
			isa = PBXGroup;
			children = (
				0C351E5E2AE277FC005C99BD /* README.md */,
				0CC7FED82AE2155100E80C5F /* BasicDRMPlayback */,
				0CC7FED72AE2155100E80C5F /* Products */,
			);
			sourceTree = "<group>";
		};
		0CC7FED72AE2155100E80C5F /* Products */ = {
			isa = PBXGroup;
			children = (
				0CC7FED62AE2155100E80C5F /* BasicDRMPlayback.app */,
			);
			name = Products;
			sourceTree = "<group>";
		};
		0CC7FED82AE2155100E80C5F /* BasicDRMPlayback */ = {
			isa = PBXGroup;
			children = (
				0CC7FED92AE2155100E80C5F /* AppDelegate.swift */,
				0CC7FEDB2AE2155100E80C5F /* SceneDelegate.swift */,
				0CC7FEDD2AE2155100E80C5F /* ViewController.swift */,
				0CC7FEDF2AE2155100E80C5F /* Main.storyboard */,
				0CC7FEE22AE2155200E80C5F /* Assets.xcassets */,
				0CC7FEE42AE2155200E80C5F /* LaunchScreen.storyboard */,
				0CC7FEE72AE2155200E80C5F /* Info.plist */,
			);
			path = BasicDRMPlayback;
			sourceTree = "<group>";
		};
/* End PBXGroup section */

/* Begin PBXNativeTarget section */
		0CC7FED52AE2155100E80C5F /* BasicDRMPlayback */ = {
			isa = PBXNativeTarget;
			buildConfigurationList = 0CC7FEEA2AE2155200E80C5F /* Build configuration list for PBXNativeTarget "BasicDRMPlayback" */;
			buildPhases = (
				0CC7FED22AE2155100E80C5F /* Sources */,
				0CC7FED32AE2155100E80C5F /* Frameworks */,
				0CC7FED42AE2155100E80C5F /* Resources */,
				0CC7FEF42AE2176D00E80C5F /* Embed Frameworks */,
			);
			buildRules = (
			);
			dependencies = (
			);
			name = BasicDRMPlayback;
			packageProductDependencies = (
				A3FAC0872C57B55400C1DA0B /* BVPlayer */,
				A3FAC08A2C57B56300C1DA0B /* BVUIControls */,
				A3F895F42C5A4FFF00A82F5F /* BVPlayer */,
				A3F895F72C5A500600A82F5F /* BVUIControls */,
			);
			productName = BasicDRMPlayback;
			productReference = 0CC7FED62AE2155100E80C5F /* BasicDRMPlayback.app */;
			productType = "com.apple.product-type.application";
		};
/* End PBXNativeTarget section */

/* Begin PBXProject section */
		0CC7FECE2AE2155100E80C5F /* Project object */ = {
			isa = PBXProject;
			attributes = {
				BuildIndependentTargetsInParallel = 1;
				LastSwiftUpdateCheck = 1500;
				LastUpgradeCheck = 1500;
				TargetAttributes = {
					0CC7FED52AE2155100E80C5F = {
						CreatedOnToolsVersion = 15.0;
					};
				};
			};
			buildConfigurationList = 0CC7FED12AE2155100E80C5F /* Build configuration list for PBXProject "BasicDRMPlayback" */;
			compatibilityVersion = "Xcode 14.0";
			developmentRegion = en;
			hasScannedForEncodings = 0;
			knownRegions = (
				en,
				Base,
			);
			mainGroup = 0CC7FECD2AE2155100E80C5F;
			packageReferences = (
				A3F895F32C5A4FFF00A82F5F /* XCRemoteSwiftPackageReference "bvplayer-ios" */,
				A3F895F62C5A500600A82F5F /* XCRemoteSwiftPackageReference "iOS-Player-UIControls-SDK" */,
			);
			productRefGroup = 0CC7FED72AE2155100E80C5F /* Products */;
			projectDirPath = "";
			projectRoot = "";
			targets = (
				0CC7FED52AE2155100E80C5F /* BasicDRMPlayback */,
			);
		};
/* End PBXProject section */

/* Begin PBXResourcesBuildPhase section */
		0CC7FED42AE2155100E80C5F /* Resources */ = {
			isa = PBXResourcesBuildPhase;
			buildActionMask = 2147483647;
			files = (
				0CC7FEE62AE2155200E80C5F /* LaunchScreen.storyboard in Resources */,
				0CC7FEE32AE2155200E80C5F /* Assets.xcassets in Resources */,
				0CC7FEE12AE2155100E80C5F /* Main.storyboard in Resources */,
			);
			runOnlyForDeploymentPostprocessing = 0;
		};
/* End PBXResourcesBuildPhase section */

/* Begin PBXSourcesBuildPhase section */
		0CC7FED22AE2155100E80C5F /* Sources */ = {
			isa = PBXSourcesBuildPhase;
			buildActionMask = 2147483647;
			files = (
				0CC7FEDE2AE2155100E80C5F /* ViewController.swift in Sources */,
				0CC7FEDA2AE2155100E80C5F /* AppDelegate.swift in Sources */,
				0CC7FEDC2AE2155100E80C5F /* SceneDelegate.swift in Sources */,
			);
			runOnlyForDeploymentPostprocessing = 0;
		};
/* End PBXSourcesBuildPhase section */

/* Begin PBXVariantGroup section */
		0CC7FEDF2AE2155100E80C5F /* Main.storyboard */ = {
			isa = PBXVariantGroup;
			children = (
				0CC7FEE02AE2155100E80C5F /* Base */,
			);
			name = Main.storyboard;
			sourceTree = "<group>";
		};
		0CC7FEE42AE2155200E80C5F /* LaunchScreen.storyboard */ = {
			isa = PBXVariantGroup;
			children = (
				0CC7FEE52AE2155200E80C5F /* Base */,
			);
			name = LaunchScreen.storyboard;
			sourceTree = "<group>";
		};
/* End PBXVariantGroup section */

/* Begin XCBuildConfiguration section */
		0CC7FEE82AE2155200E80C5F /* Debug */ = {
			isa = XCBuildConfiguration;
			buildSettings = {
				ALWAYS_SEARCH_USER_PATHS = NO;
				ASSETCATALOG_COMPILER_GENERATE_SWIFT_ASSET_SYMBOL_EXTENSIONS = YES;
				CLANG_ANALYZER_NONNULL = YES;
				CLANG_ANALYZER_NUMBER_OBJECT_CONVERSION = YES_AGGRESSIVE;
				CLANG_CXX_LANGUAGE_STANDARD = "gnu++20";
				CLANG_ENABLE_MODULES = YES;
				CLANG_ENABLE_OBJC_ARC = YES;
				CLANG_ENABLE_OBJC_WEAK = YES;
				CLANG_WARN_BLOCK_CAPTURE_AUTORELEASING = YES;
				CLANG_WARN_BOOL_CONVERSION = YES;
				CLANG_WARN_COMMA = YES;
				CLANG_WARN_CONSTANT_CONVERSION = YES;
				CLANG_WARN_DEPRECATED_OBJC_IMPLEMENTATIONS = YES;
				CLANG_WARN_DIRECT_OBJC_ISA_USAGE = YES_ERROR;
				CLANG_WARN_DOCUMENTATION_COMMENTS = YES;
				CLANG_WARN_EMPTY_BODY = YES;
				CLANG_WARN_ENUM_CONVERSION = YES;
				CLANG_WARN_INFINITE_RECURSION = YES;
				CLANG_WARN_INT_CONVERSION = YES;
				CLANG_WARN_NON_LITERAL_NULL_CONVERSION = YES;
				CLANG_WARN_OBJC_IMPLICIT_RETAIN_SELF = YES;
				CLANG_WARN_OBJC_LITERAL_CONVERSION = YES;
				CLANG_WARN_OBJC_ROOT_CLASS = YES_ERROR;
				CLANG_WARN_QUOTED_INCLUDE_IN_FRAMEWORK_HEADER = YES;
				CLANG_WARN_RANGE_LOOP_ANALYSIS = YES;
				CLANG_WARN_STRICT_PROTOTYPES = YES;
				CLANG_WARN_SUSPICIOUS_MOVE = YES;
				CLANG_WARN_UNGUARDED_AVAILABILITY = YES_AGGRESSIVE;
				CLANG_WARN_UNREACHABLE_CODE = YES;
				CLANG_WARN__DUPLICATE_METHOD_MATCH = YES;
				COPY_PHASE_STRIP = NO;
				DEBUG_INFORMATION_FORMAT = dwarf;
				ENABLE_STRICT_OBJC_MSGSEND = YES;
				ENABLE_TESTABILITY = YES;
				ENABLE_USER_SCRIPT_SANDBOXING = YES;
				GCC_C_LANGUAGE_STANDARD = gnu17;
				GCC_DYNAMIC_NO_PIC = NO;
				GCC_NO_COMMON_BLOCKS = YES;
				GCC_OPTIMIZATION_LEVEL = 0;
				GCC_PREPROCESSOR_DEFINITIONS = (
					"DEBUG=1",
					"$(inherited)",
				);
				GCC_WARN_64_TO_32_BIT_CONVERSION = YES;
				GCC_WARN_ABOUT_RETURN_TYPE = YES_ERROR;
				GCC_WARN_UNDECLARED_SELECTOR = YES;
				GCC_WARN_UNINITIALIZED_AUTOS = YES_AGGRESSIVE;
				GCC_WARN_UNUSED_FUNCTION = YES;
				GCC_WARN_UNUSED_VARIABLE = YES;
				IPHONEOS_DEPLOYMENT_TARGET = 17.0;
				LOCALIZATION_PREFERS_STRING_CATALOGS = YES;
				MTL_ENABLE_DEBUG_INFO = INCLUDE_SOURCE;
				MTL_FAST_MATH = YES;
				ONLY_ACTIVE_ARCH = YES;
				SDKROOT = iphoneos;
				SWIFT_ACTIVE_COMPILATION_CONDITIONS = "DEBUG $(inherited)";
				SWIFT_OPTIMIZATION_LEVEL = "-Onone";
			};
			name = Debug;
		};
		0CC7FEE92AE2155200E80C5F /* Release */ = {
			isa = XCBuildConfiguration;
			buildSettings = {
				ALWAYS_SEARCH_USER_PATHS = NO;
				ASSETCATALOG_COMPILER_GENERATE_SWIFT_ASSET_SYMBOL_EXTENSIONS = YES;
				CLANG_ANALYZER_NONNULL = YES;
				CLANG_ANALYZER_NUMBER_OBJECT_CONVERSION = YES_AGGRESSIVE;
				CLANG_CXX_LANGUAGE_STANDARD = "gnu++20";
				CLANG_ENABLE_MODULES = YES;
				CLANG_ENABLE_OBJC_ARC = YES;
				CLANG_ENABLE_OBJC_WEAK = YES;
				CLANG_WARN_BLOCK_CAPTURE_AUTORELEASING = YES;
				CLANG_WARN_BOOL_CONVERSION = YES;
				CLANG_WARN_COMMA = YES;
				CLANG_WARN_CONSTANT_CONVERSION = YES;
				CLANG_WARN_DEPRECATED_OBJC_IMPLEMENTATIONS = YES;
				CLANG_WARN_DIRECT_OBJC_ISA_USAGE = YES_ERROR;
				CLANG_WARN_DOCUMENTATION_COMMENTS = YES;
				CLANG_WARN_EMPTY_BODY = YES;
				CLANG_WARN_ENUM_CONVERSION = YES;
				CLANG_WARN_INFINITE_RECURSION = YES;
				CLANG_WARN_INT_CONVERSION = YES;
				CLANG_WARN_NON_LITERAL_NULL_CONVERSION = YES;
				CLANG_WARN_OBJC_IMPLICIT_RETAIN_SELF = YES;
				CLANG_WARN_OBJC_LITERAL_CONVERSION = YES;
				CLANG_WARN_OBJC_ROOT_CLASS = YES_ERROR;
				CLANG_WARN_QUOTED_INCLUDE_IN_FRAMEWORK_HEADER = YES;
				CLANG_WARN_RANGE_LOOP_ANALYSIS = YES;
				CLANG_WARN_STRICT_PROTOTYPES = YES;
				CLANG_WARN_SUSPICIOUS_MOVE = YES;
				CLANG_WARN_UNGUARDED_AVAILABILITY = YES_AGGRESSIVE;
				CLANG_WARN_UNREACHABLE_CODE = YES;
				CLANG_WARN__DUPLICATE_METHOD_MATCH = YES;
				COPY_PHASE_STRIP = NO;
				DEBUG_INFORMATION_FORMAT = "dwarf-with-dsym";
				ENABLE_NS_ASSERTIONS = NO;
				ENABLE_STRICT_OBJC_MSGSEND = YES;
				ENABLE_USER_SCRIPT_SANDBOXING = YES;
				GCC_C_LANGUAGE_STANDARD = gnu17;
				GCC_NO_COMMON_BLOCKS = YES;
				GCC_WARN_64_TO_32_BIT_CONVERSION = YES;
				GCC_WARN_ABOUT_RETURN_TYPE = YES_ERROR;
				GCC_WARN_UNDECLARED_SELECTOR = YES;
				GCC_WARN_UNINITIALIZED_AUTOS = YES_AGGRESSIVE;
				GCC_WARN_UNUSED_FUNCTION = YES;
				GCC_WARN_UNUSED_VARIABLE = YES;
				IPHONEOS_DEPLOYMENT_TARGET = 17.0;
				LOCALIZATION_PREFERS_STRING_CATALOGS = YES;
				MTL_ENABLE_DEBUG_INFO = NO;
				MTL_FAST_MATH = YES;
				SDKROOT = iphoneos;
				SWIFT_COMPILATION_MODE = wholemodule;
				VALIDATE_PRODUCT = YES;
			};
			name = Release;
		};
		0CC7FEEB2AE2155200E80C5F /* Debug */ = {
			isa = XCBuildConfiguration;
			buildSettings = {
				ASSETCATALOG_COMPILER_APPICON_NAME = AppIcon;
				ASSETCATALOG_COMPILER_GLOBAL_ACCENT_COLOR_NAME = AccentColor;
				CODE_SIGN_STYLE = Automatic;
				CURRENT_PROJECT_VERSION = 1;
				DEVELOPMENT_TEAM = 72M2493FFK;
				FRAMEWORK_SEARCH_PATHS = (
					"$(inherited)",
					"$(PROJECT_DIR)/BasicDRMPlayback/frameworks",
				);
				GENERATE_INFOPLIST_FILE = YES;
				INFOPLIST_FILE = BasicDRMPlayback/Info.plist;
				INFOPLIST_KEY_UIApplicationSupportsIndirectInputEvents = YES;
				INFOPLIST_KEY_UILaunchStoryboardName = LaunchScreen;
				INFOPLIST_KEY_UIMainStoryboardFile = Main;
				INFOPLIST_KEY_UISupportedInterfaceOrientations_iPad = "UIInterfaceOrientationPortrait UIInterfaceOrientationPortraitUpsideDown UIInterfaceOrientationLandscapeLeft UIInterfaceOrientationLandscapeRight";
				INFOPLIST_KEY_UISupportedInterfaceOrientations_iPhone = "UIInterfaceOrientationPortrait UIInterfaceOrientationLandscapeLeft UIInterfaceOrientationLandscapeRight";
				LD_RUNPATH_SEARCH_PATHS = (
					"$(inherited)",
					"@executable_path/Frameworks",
				);
				MARKETING_VERSION = 1.0;
				PRODUCT_BUNDLE_IDENTIFIER = KKS.BasicDRMPlayback;
				PRODUCT_NAME = "$(TARGET_NAME)";
				SWIFT_EMIT_LOC_STRINGS = YES;
				SWIFT_VERSION = 5.0;
				TARGETED_DEVICE_FAMILY = "1,2";
			};
			name = Debug;
		};
		0CC7FEEC2AE2155200E80C5F /* Release */ = {
			isa = XCBuildConfiguration;
			buildSettings = {
				ASSETCATALOG_COMPILER_APPICON_NAME = AppIcon;
				ASSETCATALOG_COMPILER_GLOBAL_ACCENT_COLOR_NAME = AccentColor;
				CODE_SIGN_STYLE = Automatic;
				CURRENT_PROJECT_VERSION = 1;
				DEVELOPMENT_TEAM = 72M2493FFK;
				FRAMEWORK_SEARCH_PATHS = (
					"$(inherited)",
					"$(PROJECT_DIR)/BasicDRMPlayback/frameworks",
				);
				GENERATE_INFOPLIST_FILE = YES;
				INFOPLIST_FILE = BasicDRMPlayback/Info.plist;
				INFOPLIST_KEY_UIApplicationSupportsIndirectInputEvents = YES;
				INFOPLIST_KEY_UILaunchStoryboardName = LaunchScreen;
				INFOPLIST_KEY_UIMainStoryboardFile = Main;
				INFOPLIST_KEY_UISupportedInterfaceOrientations_iPad = "UIInterfaceOrientationPortrait UIInterfaceOrientationPortraitUpsideDown UIInterfaceOrientationLandscapeLeft UIInterfaceOrientationLandscapeRight";
				INFOPLIST_KEY_UISupportedInterfaceOrientations_iPhone = "UIInterfaceOrientationPortrait UIInterfaceOrientationLandscapeLeft UIInterfaceOrientationLandscapeRight";
				LD_RUNPATH_SEARCH_PATHS = (
					"$(inherited)",
					"@executable_path/Frameworks",
				);
				MARKETING_VERSION = 1.0;
				PRODUCT_BUNDLE_IDENTIFIER = KKS.BasicDRMPlayback;
				PRODUCT_NAME = "$(TARGET_NAME)";
				SWIFT_EMIT_LOC_STRINGS = YES;
				SWIFT_VERSION = 5.0;
				TARGETED_DEVICE_FAMILY = "1,2";
			};
			name = Release;
		};
/* End XCBuildConfiguration section */

/* Begin XCConfigurationList section */
		0CC7FED12AE2155100E80C5F /* Build configuration list for PBXProject "BasicDRMPlayback" */ = {
			isa = XCConfigurationList;
			buildConfigurations = (
				0CC7FEE82AE2155200E80C5F /* Debug */,
				0CC7FEE92AE2155200E80C5F /* Release */,
			);
			defaultConfigurationIsVisible = 0;
			defaultConfigurationName = Release;
		};
		0CC7FEEA2AE2155200E80C5F /* Build configuration list for PBXNativeTarget "BasicDRMPlayback" */ = {
			isa = XCConfigurationList;
			buildConfigurations = (
				0CC7FEEB2AE2155200E80C5F /* Debug */,
				0CC7FEEC2AE2155200E80C5F /* Release */,
			);
			defaultConfigurationIsVisible = 0;
			defaultConfigurationName = Release;
		};
/* End XCConfigurationList section */

/* Begin XCRemoteSwiftPackageReference section */
		A3F895F32C5A4FFF00A82F5F /* XCRemoteSwiftPackageReference "bvplayer-ios" */ = {
			isa = XCRemoteSwiftPackageReference;
			repositoryURL = "https://github.com/BlendVision/bvplayer-ios";
			requirement = {
				kind = upToNextMajorVersion;
				minimumVersion = 5.0.0;
			};
		};
		A3F895F62C5A500600A82F5F /* XCRemoteSwiftPackageReference "iOS-Player-UIControls-SDK" */ = {
			isa = XCRemoteSwiftPackageReference;
			repositoryURL = "https://github.com/BlendVision/iOS-Player-UIControls-SDK";
			requirement = {
				kind = upToNextMajorVersion;
				minimumVersion = 1.0.0;
			};
		};
/* End XCRemoteSwiftPackageReference section */

/* Begin XCSwiftPackageProductDependency section */
		A3F895F42C5A4FFF00A82F5F /* BVPlayer */ = {
			isa = XCSwiftPackageProductDependency;
			package = A3F895F32C5A4FFF00A82F5F /* XCRemoteSwiftPackageReference "bvplayer-ios" */;
			productName = BVPlayer;
		};
		A3F895F72C5A500600A82F5F /* BVUIControls */ = {
			isa = XCSwiftPackageProductDependency;
			package = A3F895F62C5A500600A82F5F /* XCRemoteSwiftPackageReference "iOS-Player-UIControls-SDK" */;
			productName = BVUIControls;
		};
		A3FAC0872C57B55400C1DA0B /* BVPlayer */ = {
			isa = XCSwiftPackageProductDependency;
			productName = BVPlayer;
		};
		A3FAC08A2C57B56300C1DA0B /* BVUIControls */ = {
			isa = XCSwiftPackageProductDependency;
			productName = BVUIControls;
		};
/* End XCSwiftPackageProductDependency section */
	};
	rootObject = 0CC7FECE2AE2155100E80C5F /* Project object */;
}
