{
  "originHash" : "ae845f7c17f16b4b72a2709ebad53391024fc2787608fe6ff909aca7894d28b5",
  "pins" : [
    {
      "identity" : "bvplayer-ios",
      "kind" : "remoteSourceControl",
      "location" : "https://github.com/BlendVision/bvplayer-ios",
      "state" : {
        "revision" : "388a26a85c7ce9a45c7481f0a5536b0e3efc19d1",
        "version" : "4.0.0"
      }
    }
  ],
  "version" : 3
}
