{
  "originHash" : "ae845f7c17f16b4b72a2709ebad53391024fc2787608fe6ff909aca7894d28b5",
  "pins" : [
    {
      "identity" : "bvplayer-ios",
      "kind" : "remoteSourceControl",
      "location" : "https://github.com/BlendVision/bvplayer-ios",
      "state" : {
        "revision" : "99eb548e53af67dfab12322637e162141e5865e6",
        "version" : "5.0.0"
      }
    }
  ],
  "version" : 3
}
