{
  "originHash" : "ae845f7c17f16b4b72a2709ebad53391024fc2787608fe6ff909aca7894d28b5",
  "pins" : [
    {
      "identity" : "bvplayer-ios",
      "kind" : "remoteSourceControl",
      "location" : "https://github.com/BlendVision/bvplayer-ios",
      "state" : {
        "revision" : "1ab19c943a80f41559324df87f1ec0b1e1b3a84b",
        "version" : "4.3.0"
      }
    }
  ],
  "version" : 3
}
