{
  "pins" : [
    {
      "identity" : "ios-player-sdk-lite",
      "kind" : "remoteSourceControl",
      "location" : "https://github.com/BlendVision/iOS-Player-SDK-Lite",
      "state" : {
        "revision" : "a1cb07a35343a51905c4a55af68917aefe5935e2",
        "version" : "3.0.1"
      }
    }
  ],
  "version" : 2
}
