{
  "pins" : [
    {
      "identity" : "bvplayer-ios-core",
      "kind" : "remoteSourceControl",
      "location" : "https://github.com/BlendVision/bvplayer-ios-core",
      "state" : {
        "revision" : "4dbdf63b4630459373fe6acadf0d8fa16e4522d9",
        "version" : "2.8.0"
      }
    }
  ],
  "version" : 2
}
