{
  "originHash" : "133d26ea4cb5e30c484fa6b93f804f9066355a7c4f75944a9e178016df725b57",
  "pins" : [
    {
      "identity" : "bvplayer-ios",
      "kind" : "remoteSourceControl",
      "location" : "https://github.com/BlendVision/bvplayer-ios",
      "state" : {
        "revision" : "1ab19c943a80f41559324df87f1ec0b1e1b3a84b",
        "version" : "4.3.0"
      }
    },
    {
      "identity" : "ios-player-uicontrols-sdk",
      "kind" : "remoteSourceControl",
      "location" : "https://github.com/BlendVision/iOS-Player-UIControls-SDK",
      "state" : {
        "revision" : "2feea4bd72509c6b71b8894cdcdab37caa93ab1d",
        "version" : "1.0.0"
      }
    }
  ],
  "version" : 3
}
