{
  "originHash" : "ae845f7c17f16b4b72a2709ebad53391024fc2787608fe6ff909aca7894d28b5",
  "pins" : [
    {
      "identity" : "bvplayer-ios",
      "kind" : "remoteSourceControl",
      "location" : "https://github.com/BlendVision/bvplayer-ios",
      "state" : {
        "revision" : "cba5da9d910f4dddd7f5a5722c4df1febe449e24",
        "version" : "3.2.0"
      }
    }
  ],
  "version" : 3
}
