{
  "pins" : [
    {
      "identity" : "bvplayer-ios-core",
      "kind" : "remoteSourceControl",
      "location" : "https://github.com/BlendVision/bvplayer-ios-core",
      "state" : {
        "revision" : "0a47d65cb6daed2a168347970d2669aad50e5525",
        "version" : "3.0.0"
      }
    }
  ],
  "version" : 2
}
